// !$*UTF8*$!
{
	archiveVersion = 1;
	classes = {
	};
	objectVersion = 48;
	objects = {

/* Begin PBXBuildFile section */
		07302F6D208BDD0300C4A217 /* MenuItem.swift in Sources */ = {isa = PBXBuildFile; fileRef = 07302F6C208BDD0300C4A217 /* MenuItem.swift */; };
		5D45953D2CCAC5DC11C0DAE2 /* Pods_Coughee.framework in Frameworks */ = {isa = PBXBuildFile; fileRef = C4B9FBF799DA85288838660F /* Pods_Coughee.framework */; };
		B00F4B6F207EC64B00FBAABC /* EntryController.swift in Sources */ = {isa = PBXBuildFile; fileRef = B00F4B6E207EC64B00FBAABC /* EntryController.swift */; };
		B00F4B71207F3EFC00FBAABC /* MenuBar.swift in Sources */ = {isa = PBXBuildFile; fileRef = B00F4B70207F3EFC00FBAABC /* MenuBar.swift */; };
		B00F4B73207F42B100FBAABC /* constants.swift in Sources */ = {isa = PBXBuildFile; fileRef = B00F4B72207F42B100FBAABC /* constants.swift */; };
		B00F4B76207F48E400FBAABC /* BaseCollectionCell.swift in Sources */ = {isa = PBXBuildFile; fileRef = B00F4B75207F48E400FBAABC /* BaseCollectionCell.swift */; };
		B00F4B78207F59EA00FBAABC /* CoffeeShopContent.swift in Sources */ = {isa = PBXBuildFile; fileRef = B00F4B77207F59EA00FBAABC /* CoffeeShopContent.swift */; };
		B03653D220785C07006019D3 /* CoffeeShop.swift in Sources */ = {isa = PBXBuildFile; fileRef = B03653D120785C07006019D3 /* CoffeeShop.swift */; };
		B03653D4207861F7006019D3 /* CoffeeShopCell.swift in Sources */ = {isa = PBXBuildFile; fileRef = B03653D3207861F7006019D3 /* CoffeeShopCell.swift */; };
		B03CEA3C2075BA2E00601248 /* AppDelegate.swift in Sources */ = {isa = PBXBuildFile; fileRef = B03CEA3B2075BA2E00601248 /* AppDelegate.swift */; };
		B03CEA462075BA2E00601248 /* LaunchScreen.storyboard in Resources */ = {isa = PBXBuildFile; fileRef = B03CEA442075BA2E00601248 /* LaunchScreen.storyboard */; };
		B03CEA4E2075BB9900601248 /* GoogleService-Info.plist in Resources */ = {isa = PBXBuildFile; fileRef = B03CEA4D2075BB9900601248 /* GoogleService-Info.plist */; };
		B04636CB20882DE900E6E4E7 /* UserViewController.swift in Sources */ = {isa = PBXBuildFile; fileRef = B04636CA20882DE900E6E4E7 /* UserViewController.swift */; };
		B04636D3208869C400E6E4E7 /* CoffeeShopsTable.swift in Sources */ = {isa = PBXBuildFile; fileRef = B04636D1208869C400E6E4E7 /* CoffeeShopsTable.swift */; };
		B04636D4208869C400E6E4E7 /* CoffeeShopViewController.swift in Sources */ = {isa = PBXBuildFile; fileRef = B04636D2208869C400E6E4E7 /* CoffeeShopViewController.swift */; };
		B04636D920886A9A00E6E4E7 /* CreatePostViewController.swift in Sources */ = {isa = PBXBuildFile; fileRef = B04636D820886A9A00E6E4E7 /* CreatePostViewController.swift */; };
		B057992F207D7BE200A6EF5C /* CustomTabBarController.swift in Sources */ = {isa = PBXBuildFile; fileRef = B057992E207D7BE200A6EF5C /* CustomTabBarController.swift */; };
		B0579932207D96A600A6EF5C /* Assets.xcassets in Resources */ = {isa = PBXBuildFile; fileRef = B03CEA422075BA2E00601248 /* Assets.xcassets */; };
		B05FF2F7207DC7E200360625 /* FeedViewController.swift in Sources */ = {isa = PBXBuildFile; fileRef = B05FF2F6207DC7E200360625 /* FeedViewController.swift */; };
		B05FF2F9207DC88E00360625 /* PostCell.swift in Sources */ = {isa = PBXBuildFile; fileRef = B05FF2F8207DC88E00360625 /* PostCell.swift */; };
		B0A8C5C32075F7650072FA2A /* OverridenLoginViewController.swift in Sources */ = {isa = PBXBuildFile; fileRef = B0A8C5C22075F7650072FA2A /* OverridenLoginViewController.swift */; };
		B0A8C5C52075F7B50072FA2A /* LoginCoordinator.swift in Sources */ = {isa = PBXBuildFile; fileRef = B0A8C5C42075F7B50072FA2A /* LoginCoordinator.swift */; };
		B0A8C5C72075FC910072FA2A /* Background.jpg in Resources */ = {isa = PBXBuildFile; fileRef = B0A8C5C62075FC910072FA2A /* Background.jpg */; };
/* End PBXBuildFile section */

/* Begin PBXFileReference section */
		07302F6C208BDD0300C4A217 /* MenuItem.swift */ = {isa = PBXFileReference; lastKnownFileType = sourcecode.swift; path = MenuItem.swift; sourceTree = "<group>"; };
		3F6857DCFB7BDD0198B6509E /* Pods-Coughee.release.xcconfig */ = {isa = PBXFileReference; includeInIndex = 1; lastKnownFileType = text.xcconfig; name = "Pods-Coughee.release.xcconfig"; path = "Pods/Target Support Files/Pods-Coughee/Pods-Coughee.release.xcconfig"; sourceTree = "<group>"; };
		B00F4B6E207EC64B00FBAABC /* EntryController.swift */ = {isa = PBXFileReference; lastKnownFileType = sourcecode.swift; name = EntryController.swift; path = Coughee/View/EntryController.swift; sourceTree = SOURCE_ROOT; };
		B00F4B70207F3EFC00FBAABC /* MenuBar.swift */ = {isa = PBXFileReference; lastKnownFileType = sourcecode.swift; name = MenuBar.swift; path = "Coughee/New Group/Home/Coffee Shop View/MenuBar.swift"; sourceTree = SOURCE_ROOT; };
		B00F4B72207F42B100FBAABC /* constants.swift */ = {isa = PBXFileReference; lastKnownFileType = sourcecode.swift; path = constants.swift; sourceTree = "<group>"; };
		B00F4B75207F48E400FBAABC /* BaseCollectionCell.swift */ = {isa = PBXFileReference; lastKnownFileType = sourcecode.swift; name = BaseCollectionCell.swift; path = "Coughee/New Group/Feed/BaseCollectionCell.swift"; sourceTree = SOURCE_ROOT; };
		B00F4B77207F59EA00FBAABC /* CoffeeShopContent.swift */ = {isa = PBXFileReference; lastKnownFileType = sourcecode.swift; path = CoffeeShopContent.swift; sourceTree = "<group>"; };
		B03653D120785C07006019D3 /* CoffeeShop.swift */ = {isa = PBXFileReference; lastKnownFileType = sourcecode.swift; path = CoffeeShop.swift; sourceTree = "<group>"; };
		B03653D3207861F7006019D3 /* CoffeeShopCell.swift */ = {isa = PBXFileReference; lastKnownFileType = sourcecode.swift; path = CoffeeShopCell.swift; sourceTree = "<group>"; };
		B03CEA382075BA2E00601248 /* Coughee.app */ = {isa = PBXFileReference; explicitFileType = wrapper.application; includeInIndex = 0; path = Coughee.app; sourceTree = BUILT_PRODUCTS_DIR; };
		B03CEA3B2075BA2E00601248 /* AppDelegate.swift */ = {isa = PBXFileReference; lastKnownFileType = sourcecode.swift; path = AppDelegate.swift; sourceTree = "<group>"; };
		B03CEA422075BA2E00601248 /* Assets.xcassets */ = {isa = PBXFileReference; lastKnownFileType = folder.assetcatalog; path = Assets.xcassets; sourceTree = "<group>"; };
		B03CEA452075BA2E00601248 /* Base */ = {isa = PBXFileReference; lastKnownFileType = file.storyboard; name = Base; path = Base.lproj/LaunchScreen.storyboard; sourceTree = "<group>"; };
		B03CEA472075BA2E00601248 /* Info.plist */ = {isa = PBXFileReference; lastKnownFileType = text.plist.xml; path = Info.plist; sourceTree = "<group>"; };
		B03CEA4D2075BB9900601248 /* GoogleService-Info.plist */ = {isa = PBXFileReference; fileEncoding = 4; lastKnownFileType = text.plist.xml; name = "GoogleService-Info.plist"; path = "Coughee/GoogleService-Info.plist"; sourceTree = "<group>"; };
		B04636CA20882DE900E6E4E7 /* UserViewController.swift */ = {isa = PBXFileReference; lastKnownFileType = sourcecode.swift; name = UserViewController.swift; path = "Coughee/New Group/User Profile/UserViewController.swift"; sourceTree = SOURCE_ROOT; };
		B04636D1208869C400E6E4E7 /* CoffeeShopsTable.swift */ = {isa = PBXFileReference; fileEncoding = 4; lastKnownFileType = sourcecode.swift; path = CoffeeShopsTable.swift; sourceTree = "<group>"; };
		B04636D2208869C400E6E4E7 /* CoffeeShopViewController.swift */ = {isa = PBXFileReference; fileEncoding = 4; lastKnownFileType = sourcecode.swift; path = CoffeeShopViewController.swift; sourceTree = "<group>"; };
		B04636D820886A9A00E6E4E7 /* CreatePostViewController.swift */ = {isa = PBXFileReference; fileEncoding = 4; lastKnownFileType = sourcecode.swift; path = CreatePostViewController.swift; sourceTree = "<group>"; };
		B057992E207D7BE200A6EF5C /* CustomTabBarController.swift */ = {isa = PBXFileReference; lastKnownFileType = sourcecode.swift; name = CustomTabBarController.swift; path = "Coughee/New Group/CustomTabBarController.swift"; sourceTree = SOURCE_ROOT; };
		B05FF2F6207DC7E200360625 /* FeedViewController.swift */ = {isa = PBXFileReference; lastKnownFileType = sourcecode.swift; path = FeedViewController.swift; sourceTree = "<group>"; };
		B05FF2F8207DC88E00360625 /* PostCell.swift */ = {isa = PBXFileReference; lastKnownFileType = sourcecode.swift; name = PostCell.swift; path = "Coughee/New Group/Feed/PostCell.swift"; sourceTree = SOURCE_ROOT; };
		B0A8C5C22075F7650072FA2A /* OverridenLoginViewController.swift */ = {isa = PBXFileReference; lastKnownFileType = sourcecode.swift; path = OverridenLoginViewController.swift; sourceTree = "<group>"; };
		B0A8C5C42075F7B50072FA2A /* LoginCoordinator.swift */ = {isa = PBXFileReference; lastKnownFileType = sourcecode.swift; path = LoginCoordinator.swift; sourceTree = "<group>"; };
		B0A8C5C62075FC910072FA2A /* Background.jpg */ = {isa = PBXFileReference; lastKnownFileType = image.jpeg; path = Background.jpg; sourceTree = "<group>"; };
		C4B9FBF799DA85288838660F /* Pods_Coughee.framework */ = {isa = PBXFileReference; explicitFileType = wrapper.framework; includeInIndex = 0; path = Pods_Coughee.framework; sourceTree = BUILT_PRODUCTS_DIR; };
		D3F5C7F61916E01208C6A3FB /* Pods-Coughee.debug.xcconfig */ = {isa = PBXFileReference; includeInIndex = 1; lastKnownFileType = text.xcconfig; name = "Pods-Coughee.debug.xcconfig"; path = "Pods/Target Support Files/Pods-Coughee/Pods-Coughee.debug.xcconfig"; sourceTree = "<group>"; };
/* End PBXFileReference section */

/* Begin PBXFrameworksBuildPhase section */
		B03CEA352075BA2E00601248 /* Frameworks */ = {
			isa = PBXFrameworksBuildPhase;
			buildActionMask = 2147483647;
			files = (
				5D45953D2CCAC5DC11C0DAE2 /* Pods_Coughee.framework in Frameworks */,
			);
			runOnlyForDeploymentPostprocessing = 0;
		};
/* End PBXFrameworksBuildPhase section */

/* Begin PBXGroup section */
		70198EFE760969B2B29FC5BA /* Frameworks */ = {
			isa = PBXGroup;
			children = (
				C4B9FBF799DA85288838660F /* Pods_Coughee.framework */,
			);
			name = Frameworks;
			sourceTree = "<group>";
		};
		71590109FA7DB7730884B4ED /* Pods */ = {
			isa = PBXGroup;
			children = (
				D3F5C7F61916E01208C6A3FB /* Pods-Coughee.debug.xcconfig */,
				3F6857DCFB7BDD0198B6509E /* Pods-Coughee.release.xcconfig */,
			);
			name = Pods;
			sourceTree = "<group>";
		};
		B00F4B74207F42BA00FBAABC /* Helpers */ = {
			isa = PBXGroup;
			children = (
				B00F4B72207F42B100FBAABC /* constants.swift */,
			);
			path = Helpers;
			sourceTree = "<group>";
		};
		B03653CE20785B3D006019D3 /* Model */ = {
			isa = PBXGroup;
			children = (
				B03653D120785C07006019D3 /* CoffeeShop.swift */,
				B0A8C5C62075FC910072FA2A /* Background.jpg */,
				07302F6C208BDD0300C4A217 /* MenuItem.swift */,
			);
			path = Model;
			sourceTree = "<group>";
		};
		B03653D52078620A006019D3 /* View */ = {
			isa = PBXGroup;
			children = (
				B057992E207D7BE200A6EF5C /* CustomTabBarController.swift */,
				B04636D720886A7700E6E4E7 /* Forms */,
				B04636D02088698900E6E4E7 /* Home */,
				B04636CF2088695D00E6E4E7 /* User Profile */,
				B04636CE2088694600E6E4E7 /* Feed */,
			);
			name = View;
			path = "New Group";
			sourceTree = "<group>";
		};
		B03CEA2F2075BA2E00601248 = {
			isa = PBXGroup;
			children = (
				B03CEA4D2075BB9900601248 /* GoogleService-Info.plist */,
				B03CEA3A2075BA2E00601248 /* Coughee */,
				B03CEA392075BA2E00601248 /* Products */,
				71590109FA7DB7730884B4ED /* Pods */,
				70198EFE760969B2B29FC5BA /* Frameworks */,
			);
			sourceTree = "<group>";
		};
		B03CEA392075BA2E00601248 /* Products */ = {
			isa = PBXGroup;
			children = (
				B03CEA382075BA2E00601248 /* Coughee.app */,
			);
			name = Products;
			sourceTree = "<group>";
		};
		B03CEA3A2075BA2E00601248 /* Coughee */ = {
			isa = PBXGroup;
			children = (
				B00F4B74207F42BA00FBAABC /* Helpers */,
				B0B0C9512076B53E007B5088 /* App Utilities */,
				B03653CE20785B3D006019D3 /* Model */,
				B0B0C9502076B502007B5088 /* Login Screen */,
				B03CEA422075BA2E00601248 /* Assets.xcassets */,
				B03653D52078620A006019D3 /* View */,
				B03CEA472075BA2E00601248 /* Info.plist */,
			);
			path = Coughee;
			sourceTree = "<group>";
		};
		B04636CE2088694600E6E4E7 /* Feed */ = {
			isa = PBXGroup;
			children = (
				B05FF2F6207DC7E200360625 /* FeedViewController.swift */,
				B05FF2F8207DC88E00360625 /* PostCell.swift */,
				B00F4B75207F48E400FBAABC /* BaseCollectionCell.swift */,
			);
			path = Feed;
			sourceTree = "<group>";
		};
		B04636CF2088695D00E6E4E7 /* User Profile */ = {
			isa = PBXGroup;
			children = (
				B04636CA20882DE900E6E4E7 /* UserViewController.swift */,
			);
			path = "User Profile";
			sourceTree = "<group>";
		};
		B04636D02088698900E6E4E7 /* Home */ = {
			isa = PBXGroup;
			children = (
				B04636D5208869F500E6E4E7 /* Coffee Shops Home Table */,
				B04636D620886A1600E6E4E7 /* Coffee Shop View */,
			);
			path = Home;
			sourceTree = "<group>";
		};
		B04636D5208869F500E6E4E7 /* Coffee Shops Home Table */ = {
			isa = PBXGroup;
			children = (
				B04636D1208869C400E6E4E7 /* CoffeeShopsTable.swift */,
				B03653D3207861F7006019D3 /* CoffeeShopCell.swift */,
			);
			path = "Coffee Shops Home Table";
			sourceTree = "<group>";
		};
		B04636D620886A1600E6E4E7 /* Coffee Shop View */ = {
			isa = PBXGroup;
			children = (
				B04636D2208869C400E6E4E7 /* CoffeeShopViewController.swift */,
				B00F4B77207F59EA00FBAABC /* CoffeeShopContent.swift */,
				B00F4B70207F3EFC00FBAABC /* MenuBar.swift */,
			);
			path = "Coffee Shop View";
			sourceTree = "<group>";
		};
		B04636D720886A7700E6E4E7 /* Forms */ = {
			isa = PBXGroup;
			children = (
				B04636D820886A9A00E6E4E7 /* CreatePostViewController.swift */,
			);
			path = Forms;
			sourceTree = "<group>";
		};
		B0B0C9502076B502007B5088 /* Login Screen */ = {
			isa = PBXGroup;
			children = (
				B00F4B6E207EC64B00FBAABC /* EntryController.swift */,
				B0A8C5C22075F7650072FA2A /* OverridenLoginViewController.swift */,
				B0A8C5C42075F7B50072FA2A /* LoginCoordinator.swift */,
				B03CEA442075BA2E00601248 /* LaunchScreen.storyboard */,
			);
			path = "Login Screen";
			sourceTree = "<group>";
		};
		B0B0C9512076B53E007B5088 /* App Utilities */ = {
			isa = PBXGroup;
			children = (
				B03CEA3B2075BA2E00601248 /* AppDelegate.swift */,
			);
			path = "App Utilities";
			sourceTree = "<group>";
		};
/* End PBXGroup section */

/* Begin PBXNativeTarget section */
		B03CEA372075BA2E00601248 /* Coughee */ = {
			isa = PBXNativeTarget;
			buildConfigurationList = B03CEA4A2075BA2E00601248 /* Build configuration list for PBXNativeTarget "Coughee" */;
			buildPhases = (
				B7B0643CFABB4F4BC3A6AB16 /* [CP] Check Pods Manifest.lock */,
				B03CEA342075BA2E00601248 /* Sources */,
				B03CEA352075BA2E00601248 /* Frameworks */,
				B03CEA362075BA2E00601248 /* Resources */,
				7B698BEA448C8432A8ADC2AC /* [CP] Embed Pods Frameworks */,
				7ECDAE3E445CD99388C24C75 /* [CP] Copy Pods Resources */,
			);
			buildRules = (
			);
			dependencies = (
			);
			name = Coughee;
			productName = Coughee;
			productReference = B03CEA382075BA2E00601248 /* Coughee.app */;
			productType = "com.apple.product-type.application";
		};
/* End PBXNativeTarget section */

/* Begin PBXProject section */
		B03CEA302075BA2E00601248 /* Project object */ = {
			isa = PBXProject;
			attributes = {
				LastSwiftUpdateCheck = 0920;
				LastUpgradeCheck = 0920;
				ORGANIZATIONNAME = "UC Berkeley";
				TargetAttributes = {
					B03CEA372075BA2E00601248 = {
						CreatedOnToolsVersion = 9.2;
						ProvisioningStyle = Automatic;
					};
				};
			};
			buildConfigurationList = B03CEA332075BA2E00601248 /* Build configuration list for PBXProject "Coughee" */;
			compatibilityVersion = "Xcode 8.0";
			developmentRegion = en;
			hasScannedForEncodings = 0;
			knownRegions = (
				en,
				Base,
			);
			mainGroup = B03CEA2F2075BA2E00601248;
			productRefGroup = B03CEA392075BA2E00601248 /* Products */;
			projectDirPath = "";
			projectRoot = "";
			targets = (
				B03CEA372075BA2E00601248 /* Coughee */,
			);
		};
/* End PBXProject section */

/* Begin PBXResourcesBuildPhase section */
		B03CEA362075BA2E00601248 /* Resources */ = {
			isa = PBXResourcesBuildPhase;
			buildActionMask = 2147483647;
			files = (
				B03CEA462075BA2E00601248 /* LaunchScreen.storyboard in Resources */,
				B03CEA4E2075BB9900601248 /* GoogleService-Info.plist in Resources */,
				B0579932207D96A600A6EF5C /* Assets.xcassets in Resources */,
				B0A8C5C72075FC910072FA2A /* Background.jpg in Resources */,
			);
			runOnlyForDeploymentPostprocessing = 0;
		};
/* End PBXResourcesBuildPhase section */

/* Begin PBXShellScriptBuildPhase section */
		7B698BEA448C8432A8ADC2AC /* [CP] Embed Pods Frameworks */ = {
			isa = PBXShellScriptBuildPhase;
			buildActionMask = 2147483647;
			files = (
			);
			inputPaths = (
				"${SRCROOT}/Pods/Target Support Files/Pods-Coughee/Pods-Coughee-frameworks.sh",
				"${BUILT_PRODUCTS_DIR}/Bolts/Bolts.framework",
				"${BUILT_PRODUCTS_DIR}/Eureka/Eureka.framework",
				"${BUILT_PRODUCTS_DIR}/FBSDKCoreKit/FBSDKCoreKit.framework",
				"${BUILT_PRODUCTS_DIR}/FBSDKLoginKit/FBSDKLoginKit.framework",
				"${BUILT_PRODUCTS_DIR}/FontAwesome.swift/FontAwesome_swift.framework",
				"${BUILT_PRODUCTS_DIR}/GTMSessionFetcher/GTMSessionFetcher.framework",
				"${BUILT_PRODUCTS_DIR}/GoogleToolboxForMac/GoogleToolboxForMac.framework",
				"${BUILT_PRODUCTS_DIR}/ILLoginKit/ILLoginKit.framework",
				"${BUILT_PRODUCTS_DIR}/Validator/Validator.framework",
				"${BUILT_PRODUCTS_DIR}/leveldb-library/leveldb.framework",
				"${BUILT_PRODUCTS_DIR}/nanopb/nanopb.framework",
			);
			name = "[CP] Embed Pods Frameworks";
			outputPaths = (
				"${TARGET_BUILD_DIR}/${FRAMEWORKS_FOLDER_PATH}/Bolts.framework",
				"${TARGET_BUILD_DIR}/${FRAMEWORKS_FOLDER_PATH}/Eureka.framework",
				"${TARGET_BUILD_DIR}/${FRAMEWORKS_FOLDER_PATH}/FBSDKCoreKit.framework",
				"${TARGET_BUILD_DIR}/${FRAMEWORKS_FOLDER_PATH}/FBSDKLoginKit.framework",
				"${TARGET_BUILD_DIR}/${FRAMEWORKS_FOLDER_PATH}/FontAwesome_swift.framework",
				"${TARGET_BUILD_DIR}/${FRAMEWORKS_FOLDER_PATH}/GTMSessionFetcher.framework",
				"${TARGET_BUILD_DIR}/${FRAMEWORKS_FOLDER_PATH}/GoogleToolboxForMac.framework",
				"${TARGET_BUILD_DIR}/${FRAMEWORKS_FOLDER_PATH}/ILLoginKit.framework",
				"${TARGET_BUILD_DIR}/${FRAMEWORKS_FOLDER_PATH}/Validator.framework",
				"${TARGET_BUILD_DIR}/${FRAMEWORKS_FOLDER_PATH}/leveldb.framework",
				"${TARGET_BUILD_DIR}/${FRAMEWORKS_FOLDER_PATH}/nanopb.framework",
			);
			runOnlyForDeploymentPostprocessing = 0;
			shellPath = /bin/sh;
			shellScript = "\"${SRCROOT}/Pods/Target Support Files/Pods-Coughee/Pods-Coughee-frameworks.sh\"\n";
			showEnvVarsInLog = 0;
		};
		7ECDAE3E445CD99388C24C75 /* [CP] Copy Pods Resources */ = {
			isa = PBXShellScriptBuildPhase;
			buildActionMask = 2147483647;
			files = (
			);
			inputPaths = (
				"${SRCROOT}/Pods/Target Support Files/Pods-Coughee/Pods-Coughee-resources.sh",
				"${PODS_ROOT}/GoogleMaps/Maps/Frameworks/GoogleMaps.framework/Resources/GoogleMaps.bundle",
				"${PODS_ROOT}/GooglePlacePicker/Frameworks/GooglePlacePicker.framework/Resources/GooglePlacePicker.bundle",
				"${PODS_ROOT}/GooglePlaces/Frameworks/GooglePlaces.framework/Resources/GooglePlaces.bundle",
			);
			name = "[CP] Copy Pods Resources";
			outputPaths = (
				"${TARGET_BUILD_DIR}/${UNLOCALIZED_RESOURCES_FOLDER_PATH}/GoogleMaps.bundle",
				"${TARGET_BUILD_DIR}/${UNLOCALIZED_RESOURCES_FOLDER_PATH}/GooglePlacePicker.bundle",
				"${TARGET_BUILD_DIR}/${UNLOCALIZED_RESOURCES_FOLDER_PATH}/GooglePlaces.bundle",
			);
			runOnlyForDeploymentPostprocessing = 0;
			shellPath = /bin/sh;
			shellScript = "\"${SRCROOT}/Pods/Target Support Files/Pods-Coughee/Pods-Coughee-resources.sh\"\n";
			showEnvVarsInLog = 0;
		};
		B7B0643CFABB4F4BC3A6AB16 /* [CP] Check Pods Manifest.lock */ = {
			isa = PBXShellScriptBuildPhase;
			buildActionMask = 2147483647;
			files = (
			);
			inputPaths = (
				"${PODS_PODFILE_DIR_PATH}/Podfile.lock",
				"${PODS_ROOT}/Manifest.lock",
			);
			name = "[CP] Check Pods Manifest.lock";
			outputPaths = (
				"$(DERIVED_FILE_DIR)/Pods-Coughee-checkManifestLockResult.txt",
			);
			runOnlyForDeploymentPostprocessing = 0;
			shellPath = /bin/sh;
			shellScript = "diff \"${PODS_PODFILE_DIR_PATH}/Podfile.lock\" \"${PODS_ROOT}/Manifest.lock\" > /dev/null\nif [ $? != 0 ] ; then\n    # print error to STDERR\n    echo \"error: The sandbox is not in sync with the Podfile.lock. Run 'pod install' or update your CocoaPods installation.\" >&2\n    exit 1\nfi\n# This output is used by Xcode 'outputs' to avoid re-running this script phase.\necho \"SUCCESS\" > \"${SCRIPT_OUTPUT_FILE_0}\"\n";
			showEnvVarsInLog = 0;
		};
/* End PBXShellScriptBuildPhase section */

/* Begin PBXSourcesBuildPhase section */
		B03CEA342075BA2E00601248 /* Sources */ = {
			isa = PBXSourcesBuildPhase;
			buildActionMask = 2147483647;
			files = (
				B00F4B78207F59EA00FBAABC /* CoffeeShopContent.swift in Sources */,
				B04636CB20882DE900E6E4E7 /* UserViewController.swift in Sources */,
				B057992F207D7BE200A6EF5C /* CustomTabBarController.swift in Sources */,
				B03CEA3C2075BA2E00601248 /* AppDelegate.swift in Sources */,
				B04636D4208869C400E6E4E7 /* CoffeeShopViewController.swift in Sources */,
				B00F4B71207F3EFC00FBAABC /* MenuBar.swift in Sources */,
				B05FF2F7207DC7E200360625 /* FeedViewController.swift in Sources */,
				B03653D220785C07006019D3 /* CoffeeShop.swift in Sources */,
				B00F4B76207F48E400FBAABC /* BaseCollectionCell.swift in Sources */,
				B00F4B73207F42B100FBAABC /* constants.swift in Sources */,
				B00F4B6F207EC64B00FBAABC /* EntryController.swift in Sources */,
				B0A8C5C52075F7B50072FA2A /* LoginCoordinator.swift in Sources */,
				B03653D4207861F7006019D3 /* CoffeeShopCell.swift in Sources */,
				B04636D3208869C400E6E4E7 /* CoffeeShopsTable.swift in Sources */,
				B0A8C5C32075F7650072FA2A /* OverridenLoginViewController.swift in Sources */,
				07302F6D208BDD0300C4A217 /* MenuItem.swift in Sources */,
				B04636D920886A9A00E6E4E7 /* CreatePostViewController.swift in Sources */,
				B05FF2F9207DC88E00360625 /* PostCell.swift in Sources */,
			);
			runOnlyForDeploymentPostprocessing = 0;
		};
/* End PBXSourcesBuildPhase section */

/* Begin PBXVariantGroup section */
		B03CEA442075BA2E00601248 /* LaunchScreen.storyboard */ = {
			isa = PBXVariantGroup;
			children = (
				B03CEA452075BA2E00601248 /* Base */,
			);
			name = LaunchScreen.storyboard;
			sourceTree = "<group>";
		};
/* End PBXVariantGroup section */

/* Begin XCBuildConfiguration section */
		B03CEA482075BA2E00601248 /* Debug */ = {
			isa = XCBuildConfiguration;
			buildSettings = {
				ALWAYS_SEARCH_USER_PATHS = NO;
				CLANG_ANALYZER_NONNULL = YES;
				CLANG_ANALYZER_NUMBER_OBJECT_CONVERSION = YES_AGGRESSIVE;
				CLANG_CXX_LANGUAGE_STANDARD = "gnu++14";
				CLANG_CXX_LIBRARY = "libc++";
				CLANG_ENABLE_MODULES = YES;
				CLANG_ENABLE_OBJC_ARC = YES;
				CLANG_WARN_BLOCK_CAPTURE_AUTORELEASING = YES;
				CLANG_WARN_BOOL_CONVERSION = YES;
				CLANG_WARN_COMMA = YES;
				CLANG_WARN_CONSTANT_CONVERSION = YES;
				CLANG_WARN_DIRECT_OBJC_ISA_USAGE = YES_ERROR;
				CLANG_WARN_DOCUMENTATION_COMMENTS = YES;
				CLANG_WARN_EMPTY_BODY = YES;
				CLANG_WARN_ENUM_CONVERSION = YES;
				CLANG_WARN_INFINITE_RECURSION = YES;
				CLANG_WARN_INT_CONVERSION = YES;
				CLANG_WARN_NON_LITERAL_NULL_CONVERSION = YES;
				CLANG_WARN_OBJC_LITERAL_CONVERSION = YES;
				CLANG_WARN_OBJC_ROOT_CLASS = YES_ERROR;
				CLANG_WARN_RANGE_LOOP_ANALYSIS = YES;
				CLANG_WARN_STRICT_PROTOTYPES = YES;
				CLANG_WARN_SUSPICIOUS_MOVE = YES;
				CLANG_WARN_UNGUARDED_AVAILABILITY = YES_AGGRESSIVE;
				CLANG_WARN_UNREACHABLE_CODE = YES;
				CLANG_WARN__DUPLICATE_METHOD_MATCH = YES;
				CODE_SIGN_IDENTITY = "iPhone Developer";
				COPY_PHASE_STRIP = NO;
				DEBUG_INFORMATION_FORMAT = dwarf;
				ENABLE_STRICT_OBJC_MSGSEND = YES;
				ENABLE_TESTABILITY = YES;
				GCC_C_LANGUAGE_STANDARD = gnu11;
				GCC_DYNAMIC_NO_PIC = NO;
				GCC_NO_COMMON_BLOCKS = YES;
				GCC_OPTIMIZATION_LEVEL = 0;
				GCC_PREPROCESSOR_DEFINITIONS = (
					"DEBUG=1",
					"$(inherited)",
				);
				GCC_WARN_64_TO_32_BIT_CONVERSION = YES;
				GCC_WARN_ABOUT_RETURN_TYPE = YES_ERROR;
				GCC_WARN_UNDECLARED_SELECTOR = YES;
				GCC_WARN_UNINITIALIZED_AUTOS = YES_AGGRESSIVE;
				GCC_WARN_UNUSED_FUNCTION = YES;
				GCC_WARN_UNUSED_VARIABLE = YES;
				IPHONEOS_DEPLOYMENT_TARGET = 11.2;
				MTL_ENABLE_DEBUG_INFO = YES;
				ONLY_ACTIVE_ARCH = YES;
				SDKROOT = iphoneos;
				SWIFT_ACTIVE_COMPILATION_CONDITIONS = DEBUG;
				SWIFT_OPTIMIZATION_LEVEL = "-Onone";
			};
			name = Debug;
		};
		B03CEA492075BA2E00601248 /* Release */ = {
			isa = XCBuildConfiguration;
			buildSettings = {
				ALWAYS_SEARCH_USER_PATHS = NO;
				CLANG_ANALYZER_NONNULL = YES;
				CLANG_ANALYZER_NUMBER_OBJECT_CONVERSION = YES_AGGRESSIVE;
				CLANG_CXX_LANGUAGE_STANDARD = "gnu++14";
				CLANG_CXX_LIBRARY = "libc++";
				CLANG_ENABLE_MODULES = YES;
				CLANG_ENABLE_OBJC_ARC = YES;
				CLANG_WARN_BLOCK_CAPTURE_AUTORELEASING = YES;
				CLANG_WARN_BOOL_CONVERSION = YES;
				CLANG_WARN_COMMA = YES;
				CLANG_WARN_CONSTANT_CONVERSION = YES;
				CLANG_WARN_DIRECT_OBJC_ISA_USAGE = YES_ERROR;
				CLANG_WARN_DOCUMENTATION_COMMENTS = YES;
				CLANG_WARN_EMPTY_BODY = YES;
				CLANG_WARN_ENUM_CONVERSION = YES;
				CLANG_WARN_INFINITE_RECURSION = YES;
				CLANG_WARN_INT_CONVERSION = YES;
				CLANG_WARN_NON_LITERAL_NULL_CONVERSION = YES;
				CLANG_WARN_OBJC_LITERAL_CONVERSION = YES;
				CLANG_WARN_OBJC_ROOT_CLASS = YES_ERROR;
				CLANG_WARN_RANGE_LOOP_ANALYSIS = YES;
				CLANG_WARN_STRICT_PROTOTYPES = YES;
				CLANG_WARN_SUSPICIOUS_MOVE = YES;
				CLANG_WARN_UNGUARDED_AVAILABILITY = YES_AGGRESSIVE;
				CLANG_WARN_UNREACHABLE_CODE = YES;
				CLANG_WARN__DUPLICATE_METHOD_MATCH = YES;
				CODE_SIGN_IDENTITY = "iPhone Developer";
				COPY_PHASE_STRIP = NO;
				DEBUG_INFORMATION_FORMAT = "dwarf-with-dsym";
				ENABLE_NS_ASSERTIONS = NO;
				ENABLE_STRICT_OBJC_MSGSEND = YES;
				GCC_C_LANGUAGE_STANDARD = gnu11;
				GCC_NO_COMMON_BLOCKS = YES;
				GCC_WARN_64_TO_32_BIT_CONVERSION = YES;
				GCC_WARN_ABOUT_RETURN_TYPE = YES_ERROR;
				GCC_WARN_UNDECLARED_SELECTOR = YES;
				GCC_WARN_UNINITIALIZED_AUTOS = YES_AGGRESSIVE;
				GCC_WARN_UNUSED_FUNCTION = YES;
				GCC_WARN_UNUSED_VARIABLE = YES;
				IPHONEOS_DEPLOYMENT_TARGET = 11.2;
				MTL_ENABLE_DEBUG_INFO = NO;
				SDKROOT = iphoneos;
				SWIFT_OPTIMIZATION_LEVEL = "-Owholemodule";
				VALIDATE_PRODUCT = YES;
			};
			name = Release;
		};
		B03CEA4B2075BA2E00601248 /* Debug */ = {
			isa = XCBuildConfiguration;
			baseConfigurationReference = D3F5C7F61916E01208C6A3FB /* Pods-Coughee.debug.xcconfig */;
			buildSettings = {
				ASSETCATALOG_COMPILER_APPICON_NAME = AppIcon;
				CODE_SIGN_STYLE = Automatic;
				INFOPLIST_FILE = Coughee/Info.plist;
				LD_RUNPATH_SEARCH_PATHS = "$(inherited) @executable_path/Frameworks";
				PRODUCT_BUNDLE_IDENTIFIER = ios.decal.Coughee;
				PRODUCT_NAME = "$(TARGET_NAME)";
				SWIFT_VERSION = 4.0;
				TARGETED_DEVICE_FAMILY = "1,2";
			};
			name = Debug;
		};
		B03CEA4C2075BA2E00601248 /* Release */ = {
			isa = XCBuildConfiguration;
			baseConfigurationReference = 3F6857DCFB7BDD0198B6509E /* Pods-Coughee.release.xcconfig */;
			buildSettings = {
				ASSETCATALOG_COMPILER_APPICON_NAME = AppIcon;
				CODE_SIGN_STYLE = Automatic;
				INFOPLIST_FILE = Coughee/Info.plist;
				LD_RUNPATH_SEARCH_PATHS = "$(inherited) @executable_path/Frameworks";
				PRODUCT_BUNDLE_IDENTIFIER = ios.decal.Coughee;
				PRODUCT_NAME = "$(TARGET_NAME)";
				SWIFT_VERSION = 4.0;
				TARGETED_DEVICE_FAMILY = "1,2";
			};
			name = Release;
		};
/* End XCBuildConfiguration section */

/* Begin XCConfigurationList section */
		B03CEA332075BA2E00601248 /* Build configuration list for PBXProject "Coughee" */ = {
			isa = XCConfigurationList;
			buildConfigurations = (
				B03CEA482075BA2E00601248 /* Debug */,
				B03CEA492075BA2E00601248 /* Release */,
			);
			defaultConfigurationIsVisible = 0;
			defaultConfigurationName = Release;
		};
		B03CEA4A2075BA2E00601248 /* Build configuration list for PBXNativeTarget "Coughee" */ = {
			isa = XCConfigurationList;
			buildConfigurations = (
				B03CEA4B2075BA2E00601248 /* Debug */,
				B03CEA4C2075BA2E00601248 /* Release */,
			);
			defaultConfigurationIsVisible = 0;
			defaultConfigurationName = Release;
		};
/* End XCConfigurationList section */
	};
	rootObject = B03CEA302075BA2E00601248 /* Project object */;
}
